{
  "version": 4,
  "terraform_version": "1.9.1",
  "serial": 149,
  "lineage": "472870b0-1183-0ea0-5dfc-c0e0a2723ade",
  "outputs": {},
  "resources": [
    {
      "mode": "managed",
      "type": "aws_key_pair",
      "name": "ssh_keypair",
      "provider": "provider[\"registry.terraform.io/hashicorp/aws\"]",
      "instances": [
        {
          "schema_version": 1,
          "attributes": {
            "arn": "arn:aws:ec2:eu-central-1:764564073829:key-pair/ansible-master",
            "fingerprint": "18:f9:77:0e:f5:6f:4e:a9:4f:00:3b:58:d7:bc:35:05",
            "id": "ansible-master",
            "key_name": "ansible-master",
            "key_name_prefix": "",
            "key_pair_id": "key-0416dd526d158752a",
            "key_type": "rsa",
            "public_key": "ssh-rsa AAAAB3NzaC1yc2EAAAADAQABAAACAQDYw51KOaFer+urDsCcuCAFPxc28bKSqBE9BuA50va8OcyC6T8Sz953O9EgXhAhpKtJA8WRjD8PAe4IKMfpi61uYoBrenYnvcpcc5ZMQOk0nnNRVpuGFhyuKiyVrXzzXw2xFQN4+PmZAV632p1TXE8uRVHvr5HqN25Ox3GpYkaUodfOakD0YNq5KPSyaSeEkYWNOy8hB0QpikZCcKtNiPGMYkTBe7C5oPy9o7xD475g8aqNg/rIMGUeZ9JXK5IoOIfit+TLY5Bs5iHn+diEHZofSrUMyMbxpPpMl3cysAWBNGsJ+VEPtQUPyshJDtHUVGIrPbAKXi7MDidxNjtUI8BiOJ8oD1mcYYuC9dvSP+Ym+QVsGufZvoMBWZ/T1td8G2OtGsNRaHqTwQw9qXVwgtcQdXCTHDq14bSm5L/FCd9HlH2+nKqOXvpWcY6tVZEizoRUcgEMmXjrLvbWzMqwCcBt6NGHTZ0Z+m9oaR3vRP2h1raWyZ02HoFYBbL6GdeKpCnaQbC6HJhI+djzDQEYzk05oxlnyRb0dsZqtrsxEL0hU89wHZJQRtYIAMIds80UYrqJvtnH5pbxGYWIyqy+ATPO2XBq6z1TMDYymte1ov0K7G/K2UF6auqyMvGgJLSxe9yMocdeOsxEjJnpVg5WiUONwdbbKiGIRczVSxF0TBp6Cw== nilse@nilse-vb",
            "tags": null,
            "tags_all": {}
          },
          "sensitive_attributes": [],
          "private": "eyJzY2hlbWFfdmVyc2lvbiI6IjEifQ=="
        }
      ]
    },
    {
      "mode": "managed",
      "type": "aws_security_group",
      "name": "eth_node_protocol_execution_sg",
      "provider": "provider[\"registry.terraform.io/hashicorp/aws\"]",
      "instances": [
        {
          "schema_version": 1,
          "attributes": {
            "arn": "arn:aws:ec2:eu-central-1:764564073829:security-group/sg-054377ba1620ba838",
            "description": "Managed by Terraform",
            "egress": [
              {
                "cidr_blocks": [
                  "0.0.0.0/0"
                ],
                "description": "",
                "from_port": 0,
                "ipv6_cidr_blocks": [],
                "prefix_list_ids": [],
                "protocol": "-1",
                "security_groups": [],
                "self": false,
                "to_port": 0
              }
            ],
            "id": "sg-054377ba1620ba838",
            "ingress": [
              {
                "cidr_blocks": [
                  "0.0.0.0/0"
                ],
                "description": "",
                "from_port": 30303,
                "ipv6_cidr_blocks": [],
                "prefix_list_ids": [],
                "protocol": "tcp",
                "security_groups": [],
                "self": false,
                "to_port": 30303
              },
              {
                "cidr_blocks": [
                  "0.0.0.0/0"
                ],
                "description": "",
                "from_port": 30303,
                "ipv6_cidr_blocks": [],
                "prefix_list_ids": [],
                "protocol": "udp",
                "security_groups": [],
                "self": false,
                "to_port": 30303
              }
            ],
            "name": "allow-protocol-execution-client",
            "name_prefix": "",
            "owner_id": "764564073829",
            "revoke_rules_on_delete": false,
            "tags": null,
            "tags_all": {},
            "timeouts": null,
            "vpc_id": "vpc-0fe0b22e82335ef2f"
          },
          "sensitive_attributes": [],
          "private": "eyJlMmJmYjczMC1lY2FhLTExZTYtOGY4OC0zNDM2M2JjN2M0YzAiOnsiY3JlYXRlIjo2MDAwMDAwMDAwMDAsImRlbGV0ZSI6OTAwMDAwMDAwMDAwfSwic2NoZW1hX3ZlcnNpb24iOiIxIn0="
        }
      ]
    },
    {
      "mode": "managed",
      "type": "aws_security_group",
      "name": "eth_node_rpc_sg",
      "provider": "provider[\"registry.terraform.io/hashicorp/aws\"]",
      "instances": [
        {
          "schema_version": 1,
          "attributes": {
            "arn": "arn:aws:ec2:eu-central-1:764564073829:security-group/sg-020a7b469db3c9de5",
            "description": "Managed by Terraform",
            "egress": [
              {
                "cidr_blocks": [
                  "0.0.0.0/0"
                ],
                "description": "",
                "from_port": 0,
                "ipv6_cidr_blocks": [],
                "prefix_list_ids": [],
                "protocol": "-1",
                "security_groups": [],
                "self": false,
                "to_port": 0
              }
            ],
            "id": "sg-020a7b469db3c9de5",
            "ingress": [
              {
                "cidr_blocks": [
                  "0.0.0.0/0"
                ],
                "description": "",
                "from_port": 8545,
                "ipv6_cidr_blocks": [],
                "prefix_list_ids": [],
                "protocol": "tcp",
                "security_groups": [],
                "self": false,
                "to_port": 8545
              }
            ],
            "name": "allow-rpc",
            "name_prefix": "",
            "owner_id": "764564073829",
            "revoke_rules_on_delete": false,
            "tags": null,
            "tags_all": {},
            "timeouts": null,
            "vpc_id": "vpc-0fe0b22e82335ef2f"
          },
          "sensitive_attributes": [],
          "private": "eyJlMmJmYjczMC1lY2FhLTExZTYtOGY4OC0zNDM2M2JjN2M0YzAiOnsiY3JlYXRlIjo2MDAwMDAwMDAwMDAsImRlbGV0ZSI6OTAwMDAwMDAwMDAwfSwic2NoZW1hX3ZlcnNpb24iOiIxIn0="
        }
      ]
    },
    {
      "mode": "managed",
      "type": "aws_security_group",
      "name": "eth_node_ssh_sg",
      "provider": "provider[\"registry.terraform.io/hashicorp/aws\"]",
      "instances": [
        {
          "schema_version": 1,
          "attributes": {
            "arn": "arn:aws:ec2:eu-central-1:764564073829:security-group/sg-03bf64fcfd27c66ee",
            "description": "Managed by Terraform",
            "egress": [
              {
                "cidr_blocks": [
                  "0.0.0.0/0"
                ],
                "description": "",
                "from_port": 0,
                "ipv6_cidr_blocks": [],
                "prefix_list_ids": [],
                "protocol": "-1",
                "security_groups": [],
                "self": false,
                "to_port": 0
              }
            ],
            "id": "sg-03bf64fcfd27c66ee",
            "ingress": [
              {
                "cidr_blocks": [
                  "0.0.0.0/0"
                ],
                "description": "",
                "from_port": 22,
                "ipv6_cidr_blocks": [],
                "prefix_list_ids": [],
                "protocol": "tcp",
                "security_groups": [],
                "self": false,
                "to_port": 22
              }
            ],
            "name": "allow-ssh",
            "name_prefix": "",
            "owner_id": "764564073829",
            "revoke_rules_on_delete": false,
            "tags": null,
            "tags_all": {},
            "timeouts": null,
            "vpc_id": "vpc-0fe0b22e82335ef2f"
          },
          "sensitive_attributes": [],
          "private": "eyJlMmJmYjczMC1lY2FhLTExZTYtOGY4OC0zNDM2M2JjN2M0YzAiOnsiY3JlYXRlIjo2MDAwMDAwMDAwMDAsImRlbGV0ZSI6OTAwMDAwMDAwMDAwfSwic2NoZW1hX3ZlcnNpb24iOiIxIn0="
        }
      ]
    }
  ],
  "check_results": null
}
