{
  "version": 4,
  "terraform_version": "1.9.0",
  "serial": 80,
  "lineage": "472870b0-1183-0ea0-5dfc-c0e0a2723ade",
  "outputs": {
    "instance_id": {
      "value": "i-09563a9b526d89704",
      "type": "string"
    },
    "instance_public_ip": {
      "value": "3.76.207.113",
      "type": "string"
    }
  },
  "resources": [
    {
      "mode": "managed",
      "type": "aws_instance",
      "name": "eth_exe_client_ec2",
      "provider": "provider[\"registry.terraform.io/hashicorp/aws\"]",
      "instances": [
        {
          "schema_version": 1,
          "attributes": {
            "ami": "ami-01e444924a2233b07",
            "arn": "arn:aws:ec2:eu-central-1:510825502925:instance/i-09563a9b526d89704",
            "associate_public_ip_address": true,
            "availability_zone": "eu-central-1a",
            "capacity_reservation_specification": [
              {
                "capacity_reservation_preference": "open",
                "capacity_reservation_target": []
              }
            ],
            "cpu_core_count": 1,
            "cpu_options": [
              {
                "amd_sev_snp": "",
                "core_count": 1,
                "threads_per_core": 1
              }
            ],
            "cpu_threads_per_core": 1,
            "credit_specification": [
              {
                "cpu_credits": "standard"
              }
            ],
            "disable_api_stop": false,
            "disable_api_termination": false,
            "ebs_block_device": [
              {
                "delete_on_termination": true,
                "device_name": "/dev/sdf",
                "encrypted": true,
                "iops": 100,
                "kms_key_id": "arn:aws:kms:eu-central-1:510825502925:key/184bd684-ae0f-42ea-b05a-741c15456b79",
                "snapshot_id": "",
                "tags": {},
                "throughput": 0,
                "volume_id": "vol-081e1e00467be4c59",
                "volume_size": 20,
                "volume_type": "gp2"
              }
            ],
            "ebs_optimized": false,
            "enclave_options": [
              {
                "enabled": false
              }
            ],
            "ephemeral_block_device": [],
            "get_password_data": false,
            "hibernation": false,
            "host_id": "",
            "host_resource_group_arn": null,
            "iam_instance_profile": "",
            "id": "i-09563a9b526d89704",
            "instance_initiated_shutdown_behavior": "stop",
            "instance_state": "running",
            "instance_type": "t2.micro",
            "ipv6_address_count": 0,
            "ipv6_addresses": [],
            "key_name": "ansible-master",
            "launch_template": [],
            "maintenance_options": [
              {
                "auto_recovery": "default"
              }
            ],
            "metadata_options": [
              {
                "http_endpoint": "enabled",
                "http_put_response_hop_limit": 2,
                "http_tokens": "required",
                "instance_metadata_tags": "disabled"
              }
            ],
            "monitoring": false,
            "network_interface": [],
            "outpost_arn": "",
            "password_data": "",
            "placement_group": "",
            "placement_partition_number": 0,
            "primary_network_interface_id": "eni-04361c13c27fb96e1",
            "private_dns": "ip-172-31-27-81.eu-central-1.compute.internal",
            "private_dns_name_options": [
              {
                "enable_resource_name_dns_a_record": false,
                "enable_resource_name_dns_aaaa_record": false,
                "hostname_type": "ip-name"
              }
            ],
            "private_ip": "172.31.27.81",
            "public_dns": "ec2-3-76-207-113.eu-central-1.compute.amazonaws.com",
            "public_ip": "3.76.207.113",
            "root_block_device": [
              {
                "delete_on_termination": true,
                "device_name": "/dev/sda1",
                "encrypted": false,
                "iops": 3000,
                "kms_key_id": "",
                "tags": {},
                "throughput": 125,
                "volume_id": "vol-0d1ee0dbb26bd9dd9",
                "volume_size": 8,
                "volume_type": "gp3"
              }
            ],
            "secondary_private_ips": [],
            "security_groups": [
              "allow-ssh"
            ],
            "source_dest_check": true,
            "subnet_id": "subnet-08b8cf663740d21bb",
            "tags": {
              "Name": "ETH Execution Client"
            },
            "tags_all": {
              "Name": "ETH Execution Client"
            },
            "tenancy": "default",
            "timeouts": null,
            "user_data": null,
            "user_data_base64": null,
            "user_data_replace_on_change": false,
            "volume_tags": null,
            "vpc_security_group_ids": [
              "sg-062767542e439ec1b"
            ]
          },
          "sensitive_attributes": [],
          "private": "eyJlMmJmYjczMC1lY2FhLTExZTYtOGY4OC0zNDM2M2JjN2M0YzAiOnsiY3JlYXRlIjo2MDAwMDAwMDAwMDAsImRlbGV0ZSI6MTIwMDAwMDAwMDAwMCwidXBkYXRlIjo2MDAwMDAwMDAwMDB9LCJzY2hlbWFfdmVyc2lvbiI6IjEifQ==",
          "dependencies": [
            "aws_key_pair.deployer",
            "aws_security_group.eth_node_sg"
          ]
        }
      ]
    },
    {
      "mode": "managed",
      "type": "aws_key_pair",
      "name": "deployer",
      "provider": "provider[\"registry.terraform.io/hashicorp/aws\"]",
      "instances": [
        {
          "schema_version": 1,
          "attributes": {
            "arn": "arn:aws:ec2:eu-central-1:510825502925:key-pair/ansible-master",
            "fingerprint": "18:f9:77:0e:f5:6f:4e:a9:4f:00:3b:58:d7:bc:35:05",
            "id": "ansible-master",
            "key_name": "ansible-master",
            "key_name_prefix": "",
            "key_pair_id": "key-08b57a6121080ce14",
            "key_type": "rsa",
            "public_key": "ssh-rsa AAAAB3NzaC1yc2EAAAADAQABAAACAQDYw51KOaFer+urDsCcuCAFPxc28bKSqBE9BuA50va8OcyC6T8Sz953O9EgXhAhpKtJA8WRjD8PAe4IKMfpi61uYoBrenYnvcpcc5ZMQOk0nnNRVpuGFhyuKiyVrXzzXw2xFQN4+PmZAV632p1TXE8uRVHvr5HqN25Ox3GpYkaUodfOakD0YNq5KPSyaSeEkYWNOy8hB0QpikZCcKtNiPGMYkTBe7C5oPy9o7xD475g8aqNg/rIMGUeZ9JXK5IoOIfit+TLY5Bs5iHn+diEHZofSrUMyMbxpPpMl3cysAWBNGsJ+VEPtQUPyshJDtHUVGIrPbAKXi7MDidxNjtUI8BiOJ8oD1mcYYuC9dvSP+Ym+QVsGufZvoMBWZ/T1td8G2OtGsNRaHqTwQw9qXVwgtcQdXCTHDq14bSm5L/FCd9HlH2+nKqOXvpWcY6tVZEizoRUcgEMmXjrLvbWzMqwCcBt6NGHTZ0Z+m9oaR3vRP2h1raWyZ02HoFYBbL6GdeKpCnaQbC6HJhI+djzDQEYzk05oxlnyRb0dsZqtrsxEL0hU89wHZJQRtYIAMIds80UYrqJvtnH5pbxGYWIyqy+ATPO2XBq6z1TMDYymte1ov0K7G/K2UF6auqyMvGgJLSxe9yMocdeOsxEjJnpVg5WiUONwdbbKiGIRczVSxF0TBp6Cw== nilse@nilse-vb",
            "tags": null,
            "tags_all": {}
          },
          "sensitive_attributes": [],
          "private": "eyJzY2hlbWFfdmVyc2lvbiI6IjEifQ=="
        }
      ]
    },
    {
      "mode": "managed",
      "type": "aws_security_group",
      "name": "eth_node_sg",
      "provider": "provider[\"registry.terraform.io/hashicorp/aws\"]",
      "instances": [
        {
          "schema_version": 1,
          "attributes": {
            "arn": "arn:aws:ec2:eu-central-1:510825502925:security-group/sg-062767542e439ec1b",
            "description": "Managed by Terraform",
            "egress": [
              {
                "cidr_blocks": [
                  "0.0.0.0/0"
                ],
                "description": "",
                "from_port": 0,
                "ipv6_cidr_blocks": [],
                "prefix_list_ids": [],
                "protocol": "-1",
                "security_groups": [],
                "self": false,
                "to_port": 0
              }
            ],
            "id": "sg-062767542e439ec1b",
            "ingress": [
              {
                "cidr_blocks": [
                  "0.0.0.0/0"
                ],
                "description": "",
                "from_port": 22,
                "ipv6_cidr_blocks": [],
                "prefix_list_ids": [],
                "protocol": "tcp",
                "security_groups": [],
                "self": false,
                "to_port": 22
              }
            ],
            "name": "allow-ssh",
            "name_prefix": "",
            "owner_id": "510825502925",
            "revoke_rules_on_delete": false,
            "tags": {},
            "tags_all": {},
            "timeouts": null,
            "vpc_id": "vpc-06f350d691ba75823"
          },
          "sensitive_attributes": [],
          "private": "eyJlMmJmYjczMC1lY2FhLTExZTYtOGY4OC0zNDM2M2JjN2M0YzAiOnsiY3JlYXRlIjo2MDAwMDAwMDAwMDAsImRlbGV0ZSI6OTAwMDAwMDAwMDAwfSwic2NoZW1hX3ZlcnNpb24iOiIxIn0="
        }
      ]
    }
  ],
  "check_results": null
}
